// !$*UTF8*$!
{
	archiveVersion = 1;
	classes = {
	};
	objectVersion = 55;
	objects = {

/* Begin PBXBuildFile section */
		172A0A4528EC92C5004314CE /* LocationManager.swift in Sources */ = {isa = PBXBuildFile; fileRef = 172A0A4428EC92C5004314CE /* LocationManager.swift */; };
		172A0A4C28EC9A0E004314CE /* LocationSearchActivationView.swift in Sources */ = {isa = PBXBuildFile; fileRef = 172A0A4B28EC9A0E004314CE /* LocationSearchActivationView.swift */; };
		172A0A4E28EC9CDA004314CE /* MapViewActionButton.swift in Sources */ = {isa = PBXBuildFile; fileRef = 172A0A4D28EC9CDA004314CE /* MapViewActionButton.swift */; };
		172A0A5028EC9D98004314CE /* LocationSearchView.swift in Sources */ = {isa = PBXBuildFile; fileRef = 172A0A4F28EC9D98004314CE /* LocationSearchView.swift */; };
		172A0A5228EC9F85004314CE /* LocationSearchResultCell.swift in Sources */ = {isa = PBXBuildFile; fileRef = 172A0A5128EC9F85004314CE /* LocationSearchResultCell.swift */; };
		172A0A5428ECA9C2004314CE /* LocationSearchViewModel.swift in Sources */ = {isa = PBXBuildFile; fileRef = 172A0A5328ECA9C2004314CE /* LocationSearchViewModel.swift */; };
		17A8A9E128EC88A400AB453D /* UberApp.swift in Sources */ = {isa = PBXBuildFile; fileRef = 17A8A9E028EC88A400AB453D /* UberApp.swift */; };
		17A8A9E528EC88A800AB453D /* Assets.xcassets in Resources */ = {isa = PBXBuildFile; fileRef = 17A8A9E428EC88A800AB453D /* Assets.xcassets */; };
		17A8A9E828EC88A800AB453D /* Preview Assets.xcassets in Resources */ = {isa = PBXBuildFile; fileRef = 17A8A9E728EC88A800AB453D /* Preview Assets.xcassets */; };
		17A8A9F728EC891600AB453D /* HomeView.swift in Sources */ = {isa = PBXBuildFile; fileRef = 17A8A9F628EC891600AB453D /* HomeView.swift */; };
		17A8A9F928EC896300AB453D /* UberMapViewRepresentable.swift in Sources */ = {isa = PBXBuildFile; fileRef = 17A8A9F828EC896300AB453D /* UberMapViewRepresentable.swift */; };
		17D1E34128EDBBA000A0CE9A /* MapViewState.swift in Sources */ = {isa = PBXBuildFile; fileRef = 17D1E34028EDBBA000A0CE9A /* MapViewState.swift */; };
		17D1E34428EDC19200A0CE9A /* RideRequestView.swift in Sources */ = {isa = PBXBuildFile; fileRef = 17D1E34328EDC19200A0CE9A /* RideRequestView.swift */; };
		17D1E34628EDCC7F00A0CE9A /* RideType.swift in Sources */ = {isa = PBXBuildFile; fileRef = 17D1E34528EDCC7F00A0CE9A /* RideType.swift */; };
		17D1E34828EDDA8600A0CE9A /* Double.swift in Sources */ = {isa = PBXBuildFile; fileRef = 17D1E34728EDDA8600A0CE9A /* Double.swift */; };
		17D1E34A28EDDB8400A0CE9A /* UberLocation.swift in Sources */ = {isa = PBXBuildFile; fileRef = 17D1E34928EDDB8400A0CE9A /* UberLocation.swift */; };
		17D1E34C28EDE0E200A0CE9A /* Color.swift in Sources */ = {isa = PBXBuildFile; fileRef = 17D1E34B28EDE0E200A0CE9A /* Color.swift */; };
/* End PBXBuildFile section */

/* Begin PBXFileReference section */
		172A0A4428EC92C5004314CE /* LocationManager.swift */ = {isa = PBXFileReference; lastKnownFileType = sourcecode.swift; path = LocationManager.swift; sourceTree = "<group>"; };
		172A0A4B28EC9A0E004314CE /* LocationSearchActivationView.swift */ = {isa = PBXFileReference; lastKnownFileType = sourcecode.swift; path = LocationSearchActivationView.swift; sourceTree = "<group>"; };
		172A0A4D28EC9CDA004314CE /* MapViewActionButton.swift */ = {isa = PBXFileReference; lastKnownFileType = sourcecode.swift; path = MapViewActionButton.swift; sourceTree = "<group>"; };
		172A0A4F28EC9D98004314CE /* LocationSearchView.swift */ = {isa = PBXFileReference; lastKnownFileType = sourcecode.swift; path = LocationSearchView.swift; sourceTree = "<group>"; };
		172A0A5128EC9F85004314CE /* LocationSearchResultCell.swift */ = {isa = PBXFileReference; lastKnownFileType = sourcecode.swift; path = LocationSearchResultCell.swift; sourceTree = "<group>"; };
		172A0A5328ECA9C2004314CE /* LocationSearchViewModel.swift */ = {isa = PBXFileReference; lastKnownFileType = sourcecode.swift; path = LocationSearchViewModel.swift; sourceTree = "<group>"; };
		17A8A9DD28EC88A400AB453D /* Uber.app */ = {isa = PBXFileReference; explicitFileType = wrapper.application; includeInIndex = 0; path = Uber.app; sourceTree = BUILT_PRODUCTS_DIR; };
		17A8A9E028EC88A400AB453D /* UberApp.swift */ = {isa = PBXFileReference; lastKnownFileType = sourcecode.swift; path = UberApp.swift; sourceTree = "<group>"; };
		17A8A9E428EC88A800AB453D /* Assets.xcassets */ = {isa = PBXFileReference; lastKnownFileType = folder.assetcatalog; path = Assets.xcassets; sourceTree = "<group>"; };
		17A8A9E728EC88A800AB453D /* Preview Assets.xcassets */ = {isa = PBXFileReference; lastKnownFileType = folder.assetcatalog; path = "Preview Assets.xcassets"; sourceTree = "<group>"; };
		17A8A9F628EC891600AB453D /* HomeView.swift */ = {isa = PBXFileReference; lastKnownFileType = sourcecode.swift; path = HomeView.swift; sourceTree = "<group>"; };
		17A8A9F828EC896300AB453D /* UberMapViewRepresentable.swift */ = {isa = PBXFileReference; lastKnownFileType = sourcecode.swift; path = UberMapViewRepresentable.swift; sourceTree = "<group>"; };
		17D1E34028EDBBA000A0CE9A /* MapViewState.swift */ = {isa = PBXFileReference; lastKnownFileType = sourcecode.swift; path = MapViewState.swift; sourceTree = "<group>"; };
		17D1E34328EDC19200A0CE9A /* RideRequestView.swift */ = {isa = PBXFileReference; lastKnownFileType = sourcecode.swift; path = RideRequestView.swift; sourceTree = "<group>"; };
		17D1E34528EDCC7F00A0CE9A /* RideType.swift */ = {isa = PBXFileReference; lastKnownFileType = sourcecode.swift; path = RideType.swift; sourceTree = "<group>"; };
		17D1E34728EDDA8600A0CE9A /* Double.swift */ = {isa = PBXFileReference; lastKnownFileType = sourcecode.swift; path = Double.swift; sourceTree = "<group>"; };
		17D1E34928EDDB8400A0CE9A /* UberLocation.swift */ = {isa = PBXFileReference; lastKnownFileType = sourcecode.swift; path = UberLocation.swift; sourceTree = "<group>"; };
		17D1E34B28EDE0E200A0CE9A /* Color.swift */ = {isa = PBXFileReference; lastKnownFileType = sourcecode.swift; path = Color.swift; sourceTree = "<group>"; };
/* End PBXFileReference section */

/* Begin PBXFrameworksBuildPhase section */
		17A8A9DA28EC88A400AB453D /* Frameworks */ = {
			isa = PBXFrameworksBuildPhase;
			buildActionMask = 2147483647;
			files = (
			);
			runOnlyForDeploymentPostprocessing = 0;
		};
/* End PBXFrameworksBuildPhase section */

/* Begin PBXGroup section */
		172A0A4628EC99CB004314CE /* Home */ = {
			isa = PBXGroup;
			children = (
				17A8A9F428EC890200AB453D /* Views */,
				17A8A9F528EC890400AB453D /* ViewModels */,
			);
			path = Home;
			sourceTree = "<group>";
		};
		172A0A4728EC99DB004314CE /* LocationSearch */ = {
			isa = PBXGroup;
			children = (
				172A0A4A28EC99F0004314CE /* ViewModel */,
				172A0A4828EC99E7004314CE /* Views */,
			);
			path = LocationSearch;
			sourceTree = "<group>";
		};
		172A0A4828EC99E7004314CE /* Views */ = {
			isa = PBXGroup;
			children = (
				172A0A4B28EC9A0E004314CE /* LocationSearchActivationView.swift */,
				172A0A4F28EC9D98004314CE /* LocationSearchView.swift */,
				172A0A5128EC9F85004314CE /* LocationSearchResultCell.swift */,
			);
			path = Views;
			sourceTree = "<group>";
		};
		172A0A4A28EC99F0004314CE /* ViewModel */ = {
			isa = PBXGroup;
			children = (
				172A0A5328ECA9C2004314CE /* LocationSearchViewModel.swift */,
			);
			path = ViewModel;
			sourceTree = "<group>";
		};
		17A8A9D428EC88A400AB453D = {
			isa = PBXGroup;
			children = (
				17A8A9DF28EC88A400AB453D /* Uber */,
				17A8A9DE28EC88A400AB453D /* Products */,
			);
			sourceTree = "<group>";
		};
		17A8A9DE28EC88A400AB453D /* Products */ = {
			isa = PBXGroup;
			children = (
				17A8A9DD28EC88A400AB453D /* Uber.app */,
			);
			name = Products;
			sourceTree = "<group>";
		};
		17A8A9DF28EC88A400AB453D /* Uber */ = {
			isa = PBXGroup;
			children = (
				17A8A9F328EC88D600AB453D /* App */,
				17A8A9F228EC88D300AB453D /* Core */,
				17A8A9F128EC88D100AB453D /* Extensions */,
				17A8A9F028EC88D000AB453D /* Managers */,
				17A8A9EF28EC88CD00AB453D /* Models */,
				17A8A9E428EC88A800AB453D /* Assets.xcassets */,
				17A8A9E628EC88A800AB453D /* Preview Content */,
			);
			path = Uber;
			sourceTree = "<group>";
		};
		17A8A9E628EC88A800AB453D /* Preview Content */ = {
			isa = PBXGroup;
			children = (
				17A8A9E728EC88A800AB453D /* Preview Assets.xcassets */,
			);
			path = "Preview Content";
			sourceTree = "<group>";
		};
		17A8A9EF28EC88CD00AB453D /* Models */ = {
			isa = PBXGroup;
			children = (
				17D1E34028EDBBA000A0CE9A /* MapViewState.swift */,
				17D1E34528EDCC7F00A0CE9A /* RideType.swift */,
				17D1E34928EDDB8400A0CE9A /* UberLocation.swift */,
			);
			path = Models;
			sourceTree = "<group>";
		};
		17A8A9F028EC88D000AB453D /* Managers */ = {
			isa = PBXGroup;
			children = (
				172A0A4428EC92C5004314CE /* LocationManager.swift */,
			);
			path = Managers;
			sourceTree = "<group>";
		};
		17A8A9F128EC88D100AB453D /* Extensions */ = {
			isa = PBXGroup;
			children = (
				17D1E34728EDDA8600A0CE9A /* Double.swift */,
				17D1E34B28EDE0E200A0CE9A /* Color.swift */,
			);
			path = Extensions;
			sourceTree = "<group>";
		};
		17A8A9F228EC88D300AB453D /* Core */ = {
			isa = PBXGroup;
			children = (
				17D1E34228EDC18400A0CE9A /* Trips */,
				172A0A4728EC99DB004314CE /* LocationSearch */,
				172A0A4628EC99CB004314CE /* Home */,
			);
			path = Core;
			sourceTree = "<group>";
		};
		17A8A9F328EC88D600AB453D /* App */ = {
			isa = PBXGroup;
			children = (
				17A8A9E028EC88A400AB453D /* UberApp.swift */,
			);
			path = App;
			sourceTree = "<group>";
		};
		17A8A9F428EC890200AB453D /* Views */ = {
			isa = PBXGroup;
			children = (
				17A8A9F628EC891600AB453D /* HomeView.swift */,
				17A8A9F828EC896300AB453D /* UberMapViewRepresentable.swift */,
				172A0A4D28EC9CDA004314CE /* MapViewActionButton.swift */,
			);
			path = Views;
			sourceTree = "<group>";
		};
		17A8A9F528EC890400AB453D /* ViewModels */ = {
			isa = PBXGroup;
			children = (
			);
			path = ViewModels;
			sourceTree = "<group>";
		};
		17D1E34228EDC18400A0CE9A /* Trips */ = {
			isa = PBXGroup;
			children = (
				17D1E34328EDC19200A0CE9A /* RideRequestView.swift */,
			);
			path = Trips;
			sourceTree = "<group>";
		};
/* End PBXGroup section */

/* Begin PBXNativeTarget section */
		17A8A9DC28EC88A400AB453D /* Uber */ = {
			isa = PBXNativeTarget;
			buildConfigurationList = 17A8A9EB28EC88A800AB453D /* Build configuration list for PBXNativeTarget "Uber" */;
			buildPhases = (
				17A8A9D928EC88A400AB453D /* Sources */,
				17A8A9DA28EC88A400AB453D /* Frameworks */,
				17A8A9DB28EC88A400AB453D /* Resources */,
			);
			buildRules = (
			);
			dependencies = (
			);
			name = Uber;
			productName = Uber;
			productReference = 17A8A9DD28EC88A400AB453D /* Uber.app */;
			productType = "com.apple.product-type.application";
		};
/* End PBXNativeTarget section */

/* Begin PBXProject section */
		17A8A9D528EC88A400AB453D /* Project object */ = {
			isa = PBXProject;
			attributes = {
				BuildIndependentTargetsInParallel = 1;
				LastSwiftUpdateCheck = 1340;
				LastUpgradeCheck = 1340;
				TargetAttributes = {
					17A8A9DC28EC88A400AB453D = {
						CreatedOnToolsVersion = 13.4.1;
					};
				};
			};
			buildConfigurationList = 17A8A9D828EC88A400AB453D /* Build configuration list for PBXProject "Uber" */;
			compatibilityVersion = "Xcode 13.0";
			developmentRegion = en;
			hasScannedForEncodings = 0;
			knownRegions = (
				en,
				Base,
			);
			mainGroup = 17A8A9D428EC88A400AB453D;
			productRefGroup = 17A8A9DE28EC88A400AB453D /* Products */;
			projectDirPath = "";
			projectRoot = "";
			targets = (
				17A8A9DC28EC88A400AB453D /* Uber */,
			);
		};
/* End PBXProject section */

/* Begin PBXResourcesBuildPhase section */
		17A8A9DB28EC88A400AB453D /* Resources */ = {
			isa = PBXResourcesBuildPhase;
			buildActionMask = 2147483647;
			files = (
				17A8A9E828EC88A800AB453D /* Preview Assets.xcassets in Resources */,
				17A8A9E528EC88A800AB453D /* Assets.xcassets in Resources */,
			);
			runOnlyForDeploymentPostprocessing = 0;
		};
/* End PBXResourcesBuildPhase section */

/* Begin PBXSourcesBuildPhase section */
		17A8A9D928EC88A400AB453D /* Sources */ = {
			isa = PBXSourcesBuildPhase;
			buildActionMask = 2147483647;
			files = (
				172A0A5428ECA9C2004314CE /* LocationSearchViewModel.swift in Sources */,
				172A0A5028EC9D98004314CE /* LocationSearchView.swift in Sources */,
				172A0A4528EC92C5004314CE /* LocationManager.swift in Sources */,
				17D1E34428EDC19200A0CE9A /* RideRequestView.swift in Sources */,
				17D1E34828EDDA8600A0CE9A /* Double.swift in Sources */,
				17D1E34128EDBBA000A0CE9A /* MapViewState.swift in Sources */,
				172A0A4E28EC9CDA004314CE /* MapViewActionButton.swift in Sources */,
				17A8A9E128EC88A400AB453D /* UberApp.swift in Sources */,
				17D1E34C28EDE0E200A0CE9A /* Color.swift in Sources */,
				17A8A9F928EC896300AB453D /* UberMapViewRepresentable.swift in Sources */,
				17A8A9F728EC891600AB453D /* HomeView.swift in Sources */,
				17D1E34A28EDDB8400A0CE9A /* UberLocation.swift in Sources */,
				172A0A4C28EC9A0E004314CE /* LocationSearchActivationView.swift in Sources */,
				172A0A5228EC9F85004314CE /* LocationSearchResultCell.swift in Sources */,
				17D1E34628EDCC7F00A0CE9A /* RideType.swift in Sources */,
			);
			runOnlyForDeploymentPostprocessing = 0;
		};
/* End PBXSourcesBuildPhase section */

/* Begin XCBuildConfiguration section */
		17A8A9E928EC88A800AB453D /* Debug */ = {
			isa = XCBuildConfiguration;
			buildSettings = {
				ALWAYS_SEARCH_USER_PATHS = NO;
				CLANG_ANALYZER_NONNULL = YES;
				CLANG_ANALYZER_NUMBER_OBJECT_CONVERSION = YES_AGGRESSIVE;
				CLANG_CXX_LANGUAGE_STANDARD = "gnu++17";
				CLANG_ENABLE_MODULES = YES;
				CLANG_ENABLE_OBJC_ARC = YES;
				CLANG_ENABLE_OBJC_WEAK = YES;
				CLANG_WARN_BLOCK_CAPTURE_AUTORELEASING = YES;
				CLANG_WARN_BOOL_CONVERSION = YES;
				CLANG_WARN_COMMA = YES;
				CLANG_WARN_CONSTANT_CONVERSION = YES;
				CLANG_WARN_DEPRECATED_OBJC_IMPLEMENTATIONS = YES;
				CLANG_WARN_DIRECT_OBJC_ISA_USAGE = YES_ERROR;
				CLANG_WARN_DOCUMENTATION_COMMENTS = YES;
				CLANG_WARN_EMPTY_BODY = YES;
				CLANG_WARN_ENUM_CONVERSION = YES;
				CLANG_WARN_INFINITE_RECURSION = YES;
				CLANG_WARN_INT_CONVERSION = YES;
				CLANG_WARN_NON_LITERAL_NULL_CONVERSION = YES;
				CLANG_WARN_OBJC_IMPLICIT_RETAIN_SELF = YES;
				CLANG_WARN_OBJC_LITERAL_CONVERSION = YES;
				CLANG_WARN_OBJC_ROOT_CLASS = YES_ERROR;
				CLANG_WARN_QUOTED_INCLUDE_IN_FRAMEWORK_HEADER = YES;
				CLANG_WARN_RANGE_LOOP_ANALYSIS = YES;
				CLANG_WARN_STRICT_PROTOTYPES = YES;
				CLANG_WARN_SUSPICIOUS_MOVE = YES;
				CLANG_WARN_UNGUARDED_AVAILABILITY = YES_AGGRESSIVE;
				CLANG_WARN_UNREACHABLE_CODE = YES;
				CLANG_WARN__DUPLICATE_METHOD_MATCH = YES;
				COPY_PHASE_STRIP = NO;
				DEBUG_INFORMATION_FORMAT = dwarf;
				ENABLE_STRICT_OBJC_MSGSEND = YES;
				ENABLE_TESTABILITY = YES;
				GCC_C_LANGUAGE_STANDARD = gnu11;
				GCC_DYNAMIC_NO_PIC = NO;
				GCC_NO_COMMON_BLOCKS = YES;
				GCC_OPTIMIZATION_LEVEL = 0;
				GCC_PREPROCESSOR_DEFINITIONS = (
					"DEBUG=1",
					"$(inherited)",
				);
				GCC_WARN_64_TO_32_BIT_CONVERSION = YES;
				GCC_WARN_ABOUT_RETURN_TYPE = YES_ERROR;
				GCC_WARN_UNDECLARED_SELECTOR = YES;
				GCC_WARN_UNINITIALIZED_AUTOS = YES_AGGRESSIVE;
				GCC_WARN_UNUSED_FUNCTION = YES;
				GCC_WARN_UNUSED_VARIABLE = YES;
				IPHONEOS_DEPLOYMENT_TARGET = 15.5;
				MTL_ENABLE_DEBUG_INFO = INCLUDE_SOURCE;
				MTL_FAST_MATH = YES;
				ONLY_ACTIVE_ARCH = YES;
				SDKROOT = iphoneos;
				SWIFT_ACTIVE_COMPILATION_CONDITIONS = DEBUG;
				SWIFT_OPTIMIZATION_LEVEL = "-Onone";
			};
			name = Debug;
		};
		17A8A9EA28EC88A800AB453D /* Release */ = {
			isa = XCBuildConfiguration;
			buildSettings = {
				ALWAYS_SEARCH_USER_PATHS = NO;
				CLANG_ANALYZER_NONNULL = YES;
				CLANG_ANALYZER_NUMBER_OBJECT_CONVERSION = YES_AGGRESSIVE;
				CLANG_CXX_LANGUAGE_STANDARD = "gnu++17";
				CLANG_ENABLE_MODULES = YES;
				CLANG_ENABLE_OBJC_ARC = YES;
				CLANG_ENABLE_OBJC_WEAK = YES;
				CLANG_WARN_BLOCK_CAPTURE_AUTORELEASING = YES;
				CLANG_WARN_BOOL_CONVERSION = YES;
				CLANG_WARN_COMMA = YES;
				CLANG_WARN_CONSTANT_CONVERSION = YES;
				CLANG_WARN_DEPRECATED_OBJC_IMPLEMENTATIONS = YES;
				CLANG_WARN_DIRECT_OBJC_ISA_USAGE = YES_ERROR;
				CLANG_WARN_DOCUMENTATION_COMMENTS = YES;
				CLANG_WARN_EMPTY_BODY = YES;
				CLANG_WARN_ENUM_CONVERSION = YES;
				CLANG_WARN_INFINITE_RECURSION = YES;
				CLANG_WARN_INT_CONVERSION = YES;
				CLANG_WARN_NON_LITERAL_NULL_CONVERSION = YES;
				CLANG_WARN_OBJC_IMPLICIT_RETAIN_SELF = YES;
				CLANG_WARN_OBJC_LITERAL_CONVERSION = YES;
				CLANG_WARN_OBJC_ROOT_CLASS = YES_ERROR;
				CLANG_WARN_QUOTED_INCLUDE_IN_FRAMEWORK_HEADER = YES;
				CLANG_WARN_RANGE_LOOP_ANALYSIS = YES;
				CLANG_WARN_STRICT_PROTOTYPES = YES;
				CLANG_WARN_SUSPICIOUS_MOVE = YES;
				CLANG_WARN_UNGUARDED_AVAILABILITY = YES_AGGRESSIVE;
				CLANG_WARN_UNREACHABLE_CODE = YES;
				CLANG_WARN__DUPLICATE_METHOD_MATCH = YES;
				COPY_PHASE_STRIP = NO;
				DEBUG_INFORMATION_FORMAT = "dwarf-with-dsym";
				ENABLE_NS_ASSERTIONS = NO;
				ENABLE_STRICT_OBJC_MSGSEND = YES;
				GCC_C_LANGUAGE_STANDARD = gnu11;
				GCC_NO_COMMON_BLOCKS = YES;
				GCC_WARN_64_TO_32_BIT_CONVERSION = YES;
				GCC_WARN_ABOUT_RETURN_TYPE = YES_ERROR;
				GCC_WARN_UNDECLARED_SELECTOR = YES;
				GCC_WARN_UNINITIALIZED_AUTOS = YES_AGGRESSIVE;
				GCC_WARN_UNUSED_FUNCTION = YES;
				GCC_WARN_UNUSED_VARIABLE = YES;
				IPHONEOS_DEPLOYMENT_TARGET = 15.5;
				MTL_ENABLE_DEBUG_INFO = NO;
				MTL_FAST_MATH = YES;
				SDKROOT = iphoneos;
				SWIFT_COMPILATION_MODE = wholemodule;
				SWIFT_OPTIMIZATION_LEVEL = "-O";
				VALIDATE_PRODUCT = YES;
			};
			name = Release;
		};
		17A8A9EC28EC88A800AB453D /* Debug */ = {
			isa = XCBuildConfiguration;
			buildSettings = {
				ASSETCATALOG_COMPILER_APPICON_NAME = AppIcon;
				ASSETCATALOG_COMPILER_GLOBAL_ACCENT_COLOR_NAME = AccentColor;
				CODE_SIGN_STYLE = Automatic;
				CURRENT_PROJECT_VERSION = 1;
				DEVELOPMENT_ASSET_PATHS = "\"Uber/Preview Content\"";
				DEVELOPMENT_TEAM = N3T7U8YYT2;
				ENABLE_PREVIEWS = YES;
				GENERATE_INFOPLIST_FILE = YES;
				INFOPLIST_KEY_NSLocationWhenInUseUsageDescription = "Location is necessary for finding nearby drivers";
				INFOPLIST_KEY_UIApplicationSceneManifest_Generation = YES;
				INFOPLIST_KEY_UIApplicationSupportsIndirectInputEvents = YES;
				INFOPLIST_KEY_UILaunchScreen_Generation = YES;
				INFOPLIST_KEY_UISupportedInterfaceOrientations_iPad = "UIInterfaceOrientationPortrait UIInterfaceOrientationPortraitUpsideDown UIInterfaceOrientationLandscapeLeft UIInterfaceOrientationLandscapeRight";
				INFOPLIST_KEY_UISupportedInterfaceOrientations_iPhone = "UIInterfaceOrientationPortrait UIInterfaceOrientationLandscapeLeft UIInterfaceOrientationLandscapeRight";
				LD_RUNPATH_SEARCH_PATHS = (
					"$(inherited)",
					"@executable_path/Frameworks",
				);
				MARKETING_VERSION = 1.0;
				PRODUCT_BUNDLE_IDENTIFIER = com.blosinski.Uber;
				PRODUCT_NAME = "$(TARGET_NAME)";
				SWIFT_EMIT_LOC_STRINGS = YES;
				SWIFT_VERSION = 5.0;
				TARGETED_DEVICE_FAMILY = "1,2";
			};
			name = Debug;
		};
		17A8A9ED28EC88A800AB453D /* Release */ = {
			isa = XCBuildConfiguration;
			buildSettings = {
				ASSETCATALOG_COMPILER_APPICON_NAME = AppIcon;
				ASSETCATALOG_COMPILER_GLOBAL_ACCENT_COLOR_NAME = AccentColor;
				CODE_SIGN_STYLE = Automatic;
				CURRENT_PROJECT_VERSION = 1;
				DEVELOPMENT_ASSET_PATHS = "\"Uber/Preview Content\"";
				DEVELOPMENT_TEAM = N3T7U8YYT2;
				ENABLE_PREVIEWS = YES;
				GENERATE_INFOPLIST_FILE = YES;
				INFOPLIST_KEY_NSLocationWhenInUseUsageDescription = "Location is necessary for finding nearby drivers";
				INFOPLIST_KEY_UIApplicationSceneManifest_Generation = YES;
				INFOPLIST_KEY_UIApplicationSupportsIndirectInputEvents = YES;
				INFOPLIST_KEY_UILaunchScreen_Generation = YES;
				INFOPLIST_KEY_UISupportedInterfaceOrientations_iPad = "UIInterfaceOrientationPortrait UIInterfaceOrientationPortraitUpsideDown UIInterfaceOrientationLandscapeLeft UIInterfaceOrientationLandscapeRight";
				INFOPLIST_KEY_UISupportedInterfaceOrientations_iPhone = "UIInterfaceOrientationPortrait UIInterfaceOrientationLandscapeLeft UIInterfaceOrientationLandscapeRight";
				LD_RUNPATH_SEARCH_PATHS = (
					"$(inherited)",
					"@executable_path/Frameworks",
				);
				MARKETING_VERSION = 1.0;
				PRODUCT_BUNDLE_IDENTIFIER = com.blosinski.Uber;
				PRODUCT_NAME = "$(TARGET_NAME)";
				SWIFT_EMIT_LOC_STRINGS = YES;
				SWIFT_VERSION = 5.0;
				TARGETED_DEVICE_FAMILY = "1,2";
			};
			name = Release;
		};
/* End XCBuildConfiguration section */

/* Begin XCConfigurationList section */
		17A8A9D828EC88A400AB453D /* Build configuration list for PBXProject "Uber" */ = {
			isa = XCConfigurationList;
			buildConfigurations = (
				17A8A9E928EC88A800AB453D /* Debug */,
				17A8A9EA28EC88A800AB453D /* Release */,
			);
			defaultConfigurationIsVisible = 0;
			defaultConfigurationName = Release;
		};
		17A8A9EB28EC88A800AB453D /* Build configuration list for PBXNativeTarget "Uber" */ = {
			isa = XCConfigurationList;
			buildConfigurations = (
				17A8A9EC28EC88A800AB453D /* Debug */,
				17A8A9ED28EC88A800AB453D /* Release */,
			);
			defaultConfigurationIsVisible = 0;
			defaultConfigurationName = Release;
		};
/* End XCConfigurationList section */
	};
	rootObject = 17A8A9D528EC88A400AB453D /* Project object */;
}
